# x — vendored desktop sources (generated by packaging/vendor-config.sh)
# Re-running the script checks these exact commits out (branch: main).
equisdots-dots https://github.com/equisdots/dots.git 56011c587241a3f2dbec9a499a4c0498dbc40f6c
equisdots-hyprland https://github.com/equisdots/hyprland.git d264b7b5d978039ea50159d92b28b9ca901a379f
equisdots-shell https://github.com/equisdots/shell.git 8298fc7a041e7d125850fab4cb5e6e7b02fc2fc0
equisdots-palettes https://github.com/equisdots/palettes.git d6a8a058d23fafb7ab50c2aedfbc2c491ffafe32
equisdots-theme-sync https://github.com/equisdots/theme-sync.git b6691ed72672176fe9a0db231f54522155381236
equisdots-davincix https://github.com/equisdots/davincix.git 7ddd132e2ead7d9b53a5113460d084a42803061b
equisdots-timex https://github.com/equisdots/timex.git 61e063fa5106a51df5dcf1ee503f70fd76070f42
equisdots-login https://github.com/equisdots/login.git 55c6e4a9e9c10714a9b36e1a93c663adee1de0c9
terminal https://github.com/xscriptor-colors/terminal.git 89f133fb96e85b78199cc56bd51dc156a9194301
nvim https://github.com/xscriptor-colors/nvim.git 30761fd9932531fe95ccfd7fa4b50416e68d79f8
